<?xml version="1.0" encoding="utf-8"?>
<Project ToolsVersion="4.0" xmlns="http://schemas.microsoft.com/developer/msbuild/2003">
  <ItemGroup>
    <Filter Include="Resource Files">
      <UniqueIdentifier>{67DA6AB6-F800-4c08-8B7A-83BB121AAD01}</UniqueIdentifier>
      <Extensions>rc;ico;cur;bmp;dlg;rc2;rct;bin;rgs;gif;jpg;jpeg;jpe;resx;tiff;tif;png;wav;mfcribbon-ms</Extensions>
    </Filter>
    <Filter Include="src">
      <UniqueIdentifier>{4FC737F1-C7A5-4376-A066-2A32D752A2FF}</UniqueIdentifier>
      <Extensions>cpp;c;cc;cxx;def;odl;idl;hpj;bat;asm;asmx</Extensions>
    </Filter>
    <Filter Include="includes">
      <UniqueIdentifier>{93995380-89BD-4b04-88EB-625FBE52EBFB}</UniqueIdentifier>
      <Extensions>h;hh;hpp;hxx;hm;inl;inc;xsd</Extensions>
    </Filter>
    <Filter Include="includes\logging">
      <UniqueIdentifier>{7052ddd0-e088-462b-a899-20b37e6b0265}</UniqueIdentifier>
    </Filter>
    <Filter Include="includes\services">
      <UniqueIdentifier>{ba997890-acc7-4685-bcb7-f5b8a635f4e3}</UniqueIdentifier>
    </Filter>
    <Filter Include="includes\common">
      <UniqueIdentifier>{030ec0c8-84f3-4cb3-84c4-a302e3ad94db}</UniqueIdentifier>
    </Filter>
    <Filter Include="includes\data">
      <UniqueIdentifier>{7dafcf0c-4063-472d-bd3d-44565ac2eaf3}</UniqueIdentifier>
    </Filter>
  </ItemGroup>
  <ItemGroup>
    <ClInclude Include="include\logging\logger.hpp">
      <Filter>includes\logging</Filter>
    </ClInclude>
    <ClInclude Include="include\services\iservice.hpp">
      <Filter>includes\services</Filter>
    </ClInclude>
    <ClInclude Include="include\common\ilifecycle.hpp">
      <Filter>includes\common</Filter>
    </ClInclude>
    <ClInclude Include="include\common\raw_image.hpp">
      <Filter>includes\common</Filter>
    </ClInclude>
    <ClInclude Include="include\common\logger.hpp">
      <Filter>includes\common</Filter>
    </ClInclude>
    <ClInclude Include="include\common\iequatable.hpp">
      <Filter>includes\common</Filter>
    </ClInclude>
    <ClInclude Include="include\services\icoordinator_api.hpp">
      <Filter>includes\services</Filter>
    </ClInclude>
    <ClInclude Include="include\services\idatabase_api.hpp">
      <Filter>includes\services</Filter>
    </ClInclude>
    <ClInclude Include="include\services\service_address.hpp">
      <Filter>includes\services</Filter>
    </ClInclude>
    <ClInclude Include="include\services\ifile_storage_api.hpp">
      <Filter>includes\services</Filter>
    </ClInclude>
    <ClInclude Include="include\services\facial_service_api.hpp">
      <Filter>includes\services</Filter>
    </ClInclude>
    <ClInclude Include="include\data\data_utils.hpp">
      <Filter>includes\data</Filter>
    </ClInclude>
  </ItemGroup>
  <ItemGroup>
    <ClCompile Include="src\logger.cpp">
      <Filter>src</Filter>
    </ClCompile>
    <ClCompile Include="src\main.cpp">
      <Filter>src</Filter>
    </ClCompile>
  </ItemGroup>
</Project>